// !$*UTF8*$!
{
	archiveVersion = 1;
	classes = {
	};
	objectVersion = 56;
	objects = {

/* Begin PBXBuildFile section */
		A80AADEC2B71DE7F00A74DAA /* AuthView.swift in Sources */ = {isa = PBXBuildFile; fileRef = A80AADEB2B71DE7F00A74DAA /* AuthView.swift */; };
		A80AADEE2B71DE8C00A74DAA /* Assets.xcassets in Resources */ = {isa = PBXBuildFile; fileRef = A80AADED2B71DE8C00A74DAA /* Assets.xcassets */; };
		A80AADF12B71DE8C00A74DAA /* Preview Assets.xcassets in Resources */ = {isa = PBXBuildFile; fileRef = A80AADF02B71DE8C00A74DAA /* Preview Assets.xcassets */; };
		A83B45B92BA6A9B6004FA743 /* ChatsViewTests.swift in Sources */ = {isa = PBXBuildFile; fileRef = A83B45B82BA6A9B6004FA743 /* ChatsViewTests.swift */; };
		A83B45BC2BA6AB92004FA743 /* ViewInspector in Frameworks */ = {isa = PBXBuildFile; productRef = A83B45BB2BA6AB92004FA743 /* ViewInspector */; };
		A83B45BE2BA6ACB3004FA743 /* AuthViewTests.swift in Sources */ = {isa = PBXBuildFile; fileRef = A83B45BD2BA6ACB3004FA743 /* AuthViewTests.swift */; };
		A83B45C02BA7FBFC004FA743 /* ChatView.swift in Sources */ = {isa = PBXBuildFile; fileRef = A83B45BF2BA7FBFC004FA743 /* ChatView.swift */; };
		A83B45C22BA7FC29004FA743 /* ChatViewModel.swift in Sources */ = {isa = PBXBuildFile; fileRef = A83B45C12BA7FC29004FA743 /* ChatViewModel.swift */; };
		A83B45C42BA802EC004FA743 /* MessageBubble.swift in Sources */ = {isa = PBXBuildFile; fileRef = A83B45C32BA802EC004FA743 /* MessageBubble.swift */; };
		A83B50862BBCB56600B9D49F /* untilEqual.swift in Sources */ = {isa = PBXBuildFile; fileRef = A83B50852BBCB56600B9D49F /* untilEqual.swift */; };
		A841D3EA2BB0DB850059F443 /* BottomNavigationViewModel.swift in Sources */ = {isa = PBXBuildFile; fileRef = A841D3E92BB0DB850059F443 /* BottomNavigationViewModel.swift */; };
		A849C8DE2B9BA4E100655D1C /* CreateChatView.swift in Sources */ = {isa = PBXBuildFile; fileRef = A849C8DD2B9BA4E100655D1C /* CreateChatView.swift */; };
		A849C8E02B9BA52900655D1C /* ChatPreview.swift in Sources */ = {isa = PBXBuildFile; fileRef = A849C8DF2B9BA52900655D1C /* ChatPreview.swift */; };
		A849C8E22B9BA58B00655D1C /* ProfileView.swift in Sources */ = {isa = PBXBuildFile; fileRef = A849C8E12B9BA58B00655D1C /* ProfileView.swift */; };
		A849C8E52B9BACBF00655D1C /* Chat.swift in Sources */ = {isa = PBXBuildFile; fileRef = A849C8E42B9BACBF00655D1C /* Chat.swift */; };
		A849C8E72B9BB04800655D1C /* Message.swift in Sources */ = {isa = PBXBuildFile; fileRef = A849C8E62B9BB04800655D1C /* Message.swift */; };
		A849C8E92B9D189100655D1C /* ListenerManager.swift in Sources */ = {isa = PBXBuildFile; fileRef = A849C8E82B9D189000655D1C /* ListenerManager.swift */; };
		A849C8EB2B9D5DC200655D1C /* DIContainer.swift in Sources */ = {isa = PBXBuildFile; fileRef = A849C8EA2B9D5DC200655D1C /* DIContainer.swift */; };
		A849C8EF2B9D63DE00655D1C /* AppEnvironment.swift in Sources */ = {isa = PBXBuildFile; fileRef = A849C8EE2B9D63DE00655D1C /* AppEnvironment.swift */; };
		A849C8F22B9E33DF00655D1C /* AppDelegate.swift in Sources */ = {isa = PBXBuildFile; fileRef = A849C8F12B9E33DF00655D1C /* AppDelegate.swift */; };
		A849C8F42B9E33F600655D1C /* SceneDelegate.swift in Sources */ = {isa = PBXBuildFile; fileRef = A849C8F32B9E33F600655D1C /* SceneDelegate.swift */; };
		A849C8F62B9E361000655D1C /* ContentView.swift in Sources */ = {isa = PBXBuildFile; fileRef = A849C8F52B9E361000655D1C /* ContentView.swift */; };
		A849C8F82B9E434F00655D1C /* Helpers.swift in Sources */ = {isa = PBXBuildFile; fileRef = A849C8F72B9E434F00655D1C /* Helpers.swift */; };
		A854B0AD2BB1FA1600BD2AEC /* TextEditorExample.swift in Sources */ = {isa = PBXBuildFile; fileRef = A854B0AC2BB1FA1600BD2AEC /* TextEditorExample.swift */; };
		A854B0AF2BB2162400BD2AEC /* FontConversion.swift in Sources */ = {isa = PBXBuildFile; fileRef = A854B0AE2BB2162400BD2AEC /* FontConversion.swift */; };
		A854B0B22BB22B6F00BD2AEC /* Mock.swift in Sources */ = {isa = PBXBuildFile; fileRef = A854B0B12BB22B6F00BD2AEC /* Mock.swift */; };
		A854B0B42BB22D0200BD2AEC /* MockedAuthService.swift in Sources */ = {isa = PBXBuildFile; fileRef = A854B0B32BB22D0200BD2AEC /* MockedAuthService.swift */; };
		A854B0B62BB235B100BD2AEC /* MockedDBService.swift in Sources */ = {isa = PBXBuildFile; fileRef = A854B0B52BB235B100BD2AEC /* MockedDBService.swift */; };
		A854B0B82BB2391300BD2AEC /* DIContainerMocked.swift in Sources */ = {isa = PBXBuildFile; fileRef = A854B0B72BB2391300BD2AEC /* DIContainerMocked.swift */; };
		A872C3892BB0B560006968C3 /* AddButtonBorderModifier.swift in Sources */ = {isa = PBXBuildFile; fileRef = A872C3882BB0B560006968C3 /* AddButtonBorderModifier.swift */; };
		A87579432B883D5200289437 /* DBService.swift in Sources */ = {isa = PBXBuildFile; fileRef = A87579422B883D5200289437 /* DBService.swift */; };
		A87B72692BB5F51700B7A1EA /* ProfileViewModelTests.swift in Sources */ = {isa = PBXBuildFile; fileRef = A87B72682BB5F51700B7A1EA /* ProfileViewModelTests.swift */; };
		A87C74CE2BABF03200B179C4 /* ProfileViewModel.swift in Sources */ = {isa = PBXBuildFile; fileRef = A87C74CD2BABF03200B179C4 /* ProfileViewModel.swift */; };
		A8B98AD62BB9E05300E96E51 /* ChatTable.swift in Sources */ = {isa = PBXBuildFile; fileRef = A8B98AD52BB9E05300E96E51 /* ChatTable.swift */; };
		A8C7D79F2B9E628100383676 /* AuthServiceTests.swift in Sources */ = {isa = PBXBuildFile; fileRef = A8C7D79E2B9E628100383676 /* AuthServiceTests.swift */; };
		A8C7D7A12B9EA79F00383676 /* FirestoreServiceTests.swift in Sources */ = {isa = PBXBuildFile; fileRef = A8C7D7A02B9EA79F00383676 /* FirestoreServiceTests.swift */; };
		A8D45E532B7880DA0005126C /* EmailLoginView.swift in Sources */ = {isa = PBXBuildFile; fileRef = A8D45E522B7880DA0005126C /* EmailLoginView.swift */; };
		A8D45E552B7880E90005126C /* EmailSignupView.swift in Sources */ = {isa = PBXBuildFile; fileRef = A8D45E542B7880E90005126C /* EmailSignupView.swift */; };
		A8D9C0BD2B76BE0D00118CA0 /* GoogleService-Info.plist in Resources */ = {isa = PBXBuildFile; fileRef = A8D9C0BC2B76BE0D00118CA0 /* GoogleService-Info.plist */; };
		A8D9C0C82B78773800118CA0 /* ChatsView.swift in Sources */ = {isa = PBXBuildFile; fileRef = A8D9C0C72B78773800118CA0 /* ChatsView.swift */; };
		A8D9C0CA2B7878FF00118CA0 /* AuthViewModel.swift in Sources */ = {isa = PBXBuildFile; fileRef = A8D9C0C92B7878FF00118CA0 /* AuthViewModel.swift */; };
		A8E4D57F2B86F11200EA0EE7 /* Sha256.swift in Sources */ = {isa = PBXBuildFile; fileRef = A8E4D57E2B86F11200EA0EE7 /* Sha256.swift */; };
		A8E4D5812B86F40C00EA0EE7 /* AuthService.swift in Sources */ = {isa = PBXBuildFile; fileRef = A8E4D5802B86F40C00EA0EE7 /* AuthService.swift */; };
		A8E4D5842B86F62600EA0EE7 /* AppState.swift in Sources */ = {isa = PBXBuildFile; fileRef = A8E4D5832B86F62600EA0EE7 /* AppState.swift */; };
		A8E4FDF32BA11D9900BF9077 /* FirebaseAppCheck in Frameworks */ = {isa = PBXBuildFile; productRef = A8E4FDF22BA11D9900BF9077 /* FirebaseAppCheck */; };
		A8E4FDF52BA11D9900BF9077 /* FirebaseAuth in Frameworks */ = {isa = PBXBuildFile; productRef = A8E4FDF42BA11D9900BF9077 /* FirebaseAuth */; };
		A8E4FDF72BA11D9900BF9077 /* FirebaseFirestore in Frameworks */ = {isa = PBXBuildFile; productRef = A8E4FDF62BA11D9900BF9077 /* FirebaseFirestore */; };
		A8E4FDF92BA171AA00BF9077 /* StringError.swift in Sources */ = {isa = PBXBuildFile; fileRef = A8E4FDF82BA171AA00BF9077 /* StringError.swift */; };
		A8E4FDFB2BA2157800BF9077 /* ChatsViewModel.swift in Sources */ = {isa = PBXBuildFile; fileRef = A8E4FDFA2BA2157800BF9077 /* ChatsViewModel.swift */; };
		A8EF71142BBDBE810008E935 /* BottomNavigationViewModelTests.swift in Sources */ = {isa = PBXBuildFile; fileRef = A8EF71132BBDBE810008E935 /* BottomNavigationViewModelTests.swift */; };
		A8EF71162BBDCC950008E935 /* BottomNavigationViewTests.swift in Sources */ = {isa = PBXBuildFile; fileRef = A8EF71152BBDCC950008E935 /* BottomNavigationViewTests.swift */; };
		A8EF71182BBDCDA00008E935 /* AuthViewModelTests.swift in Sources */ = {isa = PBXBuildFile; fileRef = A8EF71172BBDCDA00008E935 /* AuthViewModelTests.swift */; };
		A8FA92AF2BAA8047004D9F2C /* KeyForValue.swift in Sources */ = {isa = PBXBuildFile; fileRef = A8FA92AE2BAA8047004D9F2C /* KeyForValue.swift */; };
		A8FA92B22BAB5768004D9F2C /* BottomNavigationView.swift in Sources */ = {isa = PBXBuildFile; fileRef = A8FA92B12BAB5768004D9F2C /* BottomNavigationView.swift */; };
/* End PBXBuildFile section */

/* Begin PBXContainerItemProxy section */
		A82CFB732B79AD9E00E4DE0D /* PBXContainerItemProxy */ = {
			isa = PBXContainerItemProxy;
			containerPortal = A80AADDE2B71DE7E00A74DAA /* Project object */;
			proxyType = 1;
			remoteGlobalIDString = A80AADE52B71DE7F00A74DAA;
			remoteInfo = MyChat;
		};
/* End PBXContainerItemProxy section */

/* Begin PBXFileReference section */
		A80AADE62B71DE7F00A74DAA /* MyChat.app */ = {isa = PBXFileReference; explicitFileType = wrapper.application; includeInIndex = 0; path = MyChat.app; sourceTree = BUILT_PRODUCTS_DIR; };
		A80AADEB2B71DE7F00A74DAA /* AuthView.swift */ = {isa = PBXFileReference; lastKnownFileType = sourcecode.swift; path = AuthView.swift; sourceTree = "<group>"; };
		A80AADED2B71DE8C00A74DAA /* Assets.xcassets */ = {isa = PBXFileReference; lastKnownFileType = folder.assetcatalog; path = Assets.xcassets; sourceTree = "<group>"; };
		A80AADF02B71DE8C00A74DAA /* Preview Assets.xcassets */ = {isa = PBXFileReference; lastKnownFileType = folder.assetcatalog; path = "Preview Assets.xcassets"; sourceTree = "<group>"; };
		A82CFB6F2B79AD9D00E4DE0D /* MyChatTests.xctest */ = {isa = PBXFileReference; explicitFileType = wrapper.cfbundle; includeInIndex = 0; path = MyChatTests.xctest; sourceTree = BUILT_PRODUCTS_DIR; };
		A82CFB782B79DAF600E4DE0D /* MyChat.entitlements */ = {isa = PBXFileReference; lastKnownFileType = text.plist.entitlements; path = MyChat.entitlements; sourceTree = "<group>"; };
		A83B45B82BA6A9B6004FA743 /* ChatsViewTests.swift */ = {isa = PBXFileReference; lastKnownFileType = sourcecode.swift; path = ChatsViewTests.swift; sourceTree = "<group>"; };
		A83B45BD2BA6ACB3004FA743 /* AuthViewTests.swift */ = {isa = PBXFileReference; lastKnownFileType = sourcecode.swift; path = AuthViewTests.swift; sourceTree = "<group>"; };
		A83B45BF2BA7FBFC004FA743 /* ChatView.swift */ = {isa = PBXFileReference; lastKnownFileType = sourcecode.swift; path = ChatView.swift; sourceTree = "<group>"; };
		A83B45C12BA7FC29004FA743 /* ChatViewModel.swift */ = {isa = PBXFileReference; lastKnownFileType = sourcecode.swift; path = ChatViewModel.swift; sourceTree = "<group>"; };
		A83B45C32BA802EC004FA743 /* MessageBubble.swift */ = {isa = PBXFileReference; lastKnownFileType = sourcecode.swift; path = MessageBubble.swift; sourceTree = "<group>"; };
		A83B50852BBCB56600B9D49F /* untilEqual.swift */ = {isa = PBXFileReference; lastKnownFileType = sourcecode.swift; path = untilEqual.swift; sourceTree = "<group>"; };
		A841D3E92BB0DB850059F443 /* BottomNavigationViewModel.swift */ = {isa = PBXFileReference; lastKnownFileType = sourcecode.swift; path = BottomNavigationViewModel.swift; sourceTree = "<group>"; };
		A849C8DD2B9BA4E100655D1C /* CreateChatView.swift */ = {isa = PBXFileReference; lastKnownFileType = sourcecode.swift; path = CreateChatView.swift; sourceTree = "<group>"; };
		A849C8DF2B9BA52900655D1C /* ChatPreview.swift */ = {isa = PBXFileReference; lastKnownFileType = sourcecode.swift; path = ChatPreview.swift; sourceTree = "<group>"; };
		A849C8E12B9BA58B00655D1C /* ProfileView.swift */ = {isa = PBXFileReference; lastKnownFileType = sourcecode.swift; path = ProfileView.swift; sourceTree = "<group>"; };
		A849C8E42B9BACBF00655D1C /* Chat.swift */ = {isa = PBXFileReference; lastKnownFileType = sourcecode.swift; path = Chat.swift; sourceTree = "<group>"; };
		A849C8E62B9BB04800655D1C /* Message.swift */ = {isa = PBXFileReference; lastKnownFileType = sourcecode.swift; path = Message.swift; sourceTree = "<group>"; };
		A849C8E82B9D189000655D1C /* ListenerManager.swift */ = {isa = PBXFileReference; lastKnownFileType = sourcecode.swift; path = ListenerManager.swift; sourceTree = "<group>"; };
		A849C8EA2B9D5DC200655D1C /* DIContainer.swift */ = {isa = PBXFileReference; lastKnownFileType = sourcecode.swift; path = DIContainer.swift; sourceTree = "<group>"; };
		A849C8EE2B9D63DE00655D1C /* AppEnvironment.swift */ = {isa = PBXFileReference; lastKnownFileType = sourcecode.swift; path = AppEnvironment.swift; sourceTree = "<group>"; };
		A849C8F12B9E33DF00655D1C /* AppDelegate.swift */ = {isa = PBXFileReference; lastKnownFileType = sourcecode.swift; path = AppDelegate.swift; sourceTree = "<group>"; };
		A849C8F32B9E33F600655D1C /* SceneDelegate.swift */ = {isa = PBXFileReference; lastKnownFileType = sourcecode.swift; path = SceneDelegate.swift; sourceTree = "<group>"; };
		A849C8F52B9E361000655D1C /* ContentView.swift */ = {isa = PBXFileReference; lastKnownFileType = sourcecode.swift; path = ContentView.swift; sourceTree = "<group>"; };
		A849C8F72B9E434F00655D1C /* Helpers.swift */ = {isa = PBXFileReference; lastKnownFileType = sourcecode.swift; path = Helpers.swift; sourceTree = "<group>"; };
		A854B0AC2BB1FA1600BD2AEC /* TextEditorExample.swift */ = {isa = PBXFileReference; lastKnownFileType = sourcecode.swift; path = TextEditorExample.swift; sourceTree = "<group>"; };
		A854B0AE2BB2162400BD2AEC /* FontConversion.swift */ = {isa = PBXFileReference; lastKnownFileType = sourcecode.swift; path = FontConversion.swift; sourceTree = "<group>"; };
		A854B0B12BB22B6F00BD2AEC /* Mock.swift */ = {isa = PBXFileReference; lastKnownFileType = sourcecode.swift; path = Mock.swift; sourceTree = "<group>"; };
		A854B0B32BB22D0200BD2AEC /* MockedAuthService.swift */ = {isa = PBXFileReference; lastKnownFileType = sourcecode.swift; path = MockedAuthService.swift; sourceTree = "<group>"; };
		A854B0B52BB235B100BD2AEC /* MockedDBService.swift */ = {isa = PBXFileReference; lastKnownFileType = sourcecode.swift; path = MockedDBService.swift; sourceTree = "<group>"; };
		A854B0B72BB2391300BD2AEC /* DIContainerMocked.swift */ = {isa = PBXFileReference; lastKnownFileType = sourcecode.swift; path = DIContainerMocked.swift; sourceTree = "<group>"; };
		A872C3882BB0B560006968C3 /* AddButtonBorderModifier.swift */ = {isa = PBXFileReference; lastKnownFileType = sourcecode.swift; path = AddButtonBorderModifier.swift; sourceTree = "<group>"; };
		A87579422B883D5200289437 /* DBService.swift */ = {isa = PBXFileReference; lastKnownFileType = sourcecode.swift; path = DBService.swift; sourceTree = "<group>"; };
		A87B72682BB5F51700B7A1EA /* ProfileViewModelTests.swift */ = {isa = PBXFileReference; lastKnownFileType = sourcecode.swift; path = ProfileViewModelTests.swift; sourceTree = "<group>"; };
		A87C74CD2BABF03200B179C4 /* ProfileViewModel.swift */ = {isa = PBXFileReference; lastKnownFileType = sourcecode.swift; path = ProfileViewModel.swift; sourceTree = "<group>"; };
		A8B98AD52BB9E05300E96E51 /* ChatTable.swift */ = {isa = PBXFileReference; lastKnownFileType = sourcecode.swift; path = ChatTable.swift; sourceTree = "<group>"; };
		A8C7D79E2B9E628100383676 /* AuthServiceTests.swift */ = {isa = PBXFileReference; lastKnownFileType = sourcecode.swift; path = AuthServiceTests.swift; sourceTree = "<group>"; };
		A8C7D7A02B9EA79F00383676 /* FirestoreServiceTests.swift */ = {isa = PBXFileReference; lastKnownFileType = sourcecode.swift; path = FirestoreServiceTests.swift; sourceTree = "<group>"; };
		A8D45E522B7880DA0005126C /* EmailLoginView.swift */ = {isa = PBXFileReference; lastKnownFileType = sourcecode.swift; path = EmailLoginView.swift; sourceTree = "<group>"; };
		A8D45E542B7880E90005126C /* EmailSignupView.swift */ = {isa = PBXFileReference; lastKnownFileType = sourcecode.swift; path = EmailSignupView.swift; sourceTree = "<group>"; };
		A8D9C0BC2B76BE0D00118CA0 /* GoogleService-Info.plist */ = {isa = PBXFileReference; fileEncoding = 4; lastKnownFileType = text.plist.xml; path = "GoogleService-Info.plist"; sourceTree = "<group>"; };
		A8D9C0C72B78773800118CA0 /* ChatsView.swift */ = {isa = PBXFileReference; lastKnownFileType = sourcecode.swift; path = ChatsView.swift; sourceTree = "<group>"; };
		A8D9C0C92B7878FF00118CA0 /* AuthViewModel.swift */ = {isa = PBXFileReference; lastKnownFileType = sourcecode.swift; path = AuthViewModel.swift; sourceTree = "<group>"; };
		A8E4D57E2B86F11200EA0EE7 /* Sha256.swift */ = {isa = PBXFileReference; lastKnownFileType = sourcecode.swift; path = Sha256.swift; sourceTree = "<group>"; };
		A8E4D5802B86F40C00EA0EE7 /* AuthService.swift */ = {isa = PBXFileReference; lastKnownFileType = sourcecode.swift; path = AuthService.swift; sourceTree = "<group>"; };
		A8E4D5832B86F62600EA0EE7 /* AppState.swift */ = {isa = PBXFileReference; lastKnownFileType = sourcecode.swift; path = AppState.swift; sourceTree = "<group>"; };
		A8E4FDF82BA171AA00BF9077 /* StringError.swift */ = {isa = PBXFileReference; lastKnownFileType = sourcecode.swift; path = StringError.swift; sourceTree = "<group>"; };
		A8E4FDFA2BA2157800BF9077 /* ChatsViewModel.swift */ = {isa = PBXFileReference; lastKnownFileType = sourcecode.swift; path = ChatsViewModel.swift; sourceTree = "<group>"; };
		A8EF71132BBDBE810008E935 /* BottomNavigationViewModelTests.swift */ = {isa = PBXFileReference; lastKnownFileType = sourcecode.swift; path = BottomNavigationViewModelTests.swift; sourceTree = "<group>"; };
		A8EF71152BBDCC950008E935 /* BottomNavigationViewTests.swift */ = {isa = PBXFileReference; lastKnownFileType = sourcecode.swift; path = BottomNavigationViewTests.swift; sourceTree = "<group>"; };
		A8EF71172BBDCDA00008E935 /* AuthViewModelTests.swift */ = {isa = PBXFileReference; lastKnownFileType = sourcecode.swift; path = AuthViewModelTests.swift; sourceTree = "<group>"; };
		A8FA92AE2BAA8047004D9F2C /* KeyForValue.swift */ = {isa = PBXFileReference; lastKnownFileType = sourcecode.swift; path = KeyForValue.swift; sourceTree = "<group>"; };
		A8FA92B02BAB40A6004D9F2C /* Info.plist */ = {isa = PBXFileReference; lastKnownFileType = text.plist; path = Info.plist; sourceTree = "<group>"; };
		A8FA92B12BAB5768004D9F2C /* BottomNavigationView.swift */ = {isa = PBXFileReference; lastKnownFileType = sourcecode.swift; path = BottomNavigationView.swift; sourceTree = "<group>"; };
/* End PBXFileReference section */

/* Begin PBXFrameworksBuildPhase section */
		A80AADE32B71DE7F00A74DAA /* Frameworks */ = {
			isa = PBXFrameworksBuildPhase;
			buildActionMask = 2147483647;
			files = (
				A8E4FDF32BA11D9900BF9077 /* FirebaseAppCheck in Frameworks */,
				A8E4FDF52BA11D9900BF9077 /* FirebaseAuth in Frameworks */,
				A8E4FDF72BA11D9900BF9077 /* FirebaseFirestore in Frameworks */,
			);
			runOnlyForDeploymentPostprocessing = 0;
		};
		A82CFB6C2B79AD9D00E4DE0D /* Frameworks */ = {
			isa = PBXFrameworksBuildPhase;
			buildActionMask = 2147483647;
			files = (
				A83B45BC2BA6AB92004FA743 /* ViewInspector in Frameworks */,
			);
			runOnlyForDeploymentPostprocessing = 0;
		};
/* End PBXFrameworksBuildPhase section */

/* Begin PBXGroup section */
		A80AADDD2B71DE7E00A74DAA = {
			isa = PBXGroup;
			children = (
				A80AADE82B71DE7F00A74DAA /* MyChat */,
				A82CFB702B79AD9E00E4DE0D /* MyChatTests */,
				A80AADE72B71DE7F00A74DAA /* Products */,
			);
			sourceTree = "<group>";
		};
		A80AADE72B71DE7F00A74DAA /* Products */ = {
			isa = PBXGroup;
			children = (
				A80AADE62B71DE7F00A74DAA /* MyChat.app */,
				A82CFB6F2B79AD9D00E4DE0D /* MyChatTests.xctest */,
			);
			name = Products;
			sourceTree = "<group>";
		};
		A80AADE82B71DE7F00A74DAA /* MyChat */ = {
			isa = PBXGroup;
			children = (
				A8FA92B02BAB40A6004D9F2C /* Info.plist */,
				A82CFB782B79DAF600E4DE0D /* MyChat.entitlements */,
				A8D9C0BC2B76BE0D00118CA0 /* GoogleService-Info.plist */,
				A849C8E32B9BAC7F00655D1C /* Model */,
				A8E4D5872B871E0900EA0EE7 /* System */,
				A8E4D5822B86F54600EA0EE7 /* Injected */,
				A8E4D57C2B86F0CE00EA0EE7 /* Services */,
				A8D9C0CB2B78792000118CA0 /* ViewModels */,
				A8D45E4F2B7879D00005126C /* UI */,
				A8E4D57D2B86F0E200EA0EE7 /* Utilities */,
				A80AADED2B71DE8C00A74DAA /* Assets.xcassets */,
				A80AADEF2B71DE8C00A74DAA /* Preview Content */,
			);
			path = MyChat;
			sourceTree = "<group>";
		};
		A80AADEF2B71DE8C00A74DAA /* Preview Content */ = {
			isa = PBXGroup;
			children = (
				A80AADF02B71DE8C00A74DAA /* Preview Assets.xcassets */,
			);
			path = "Preview Content";
			sourceTree = "<group>";
		};
		A82CFB702B79AD9E00E4DE0D /* MyChatTests */ = {
			isa = PBXGroup;
			children = (
				A8C7D79D2B9E623200383676 /* Services */,
				A87B72672BB5F4B600B7A1EA /* ViewModels */,
				A83B45B52BA6A919004FA743 /* UI */,
				A854B0B02BB22B4F00BD2AEC /* Mocks */,
				A83B50842BBCB52300B9D49F /* TestingHelpers */,
			);
			path = MyChatTests;
			sourceTree = "<group>";
		};
		A83B45B52BA6A919004FA743 /* UI */ = {
			isa = PBXGroup;
			children = (
				A83B45B82BA6A9B6004FA743 /* ChatsViewTests.swift */,
				A83B45BD2BA6ACB3004FA743 /* AuthViewTests.swift */,
				A8EF71152BBDCC950008E935 /* BottomNavigationViewTests.swift */,
			);
			path = UI;
			sourceTree = "<group>";
		};
		A83B50842BBCB52300B9D49F /* TestingHelpers */ = {
			isa = PBXGroup;
			children = (
				A83B50852BBCB56600B9D49F /* untilEqual.swift */,
			);
			path = TestingHelpers;
			sourceTree = "<group>";
		};
		A849C8E32B9BAC7F00655D1C /* Model */ = {
			isa = PBXGroup;
			children = (
				A849C8E42B9BACBF00655D1C /* Chat.swift */,
				A849C8E62B9BB04800655D1C /* Message.swift */,
				A8B98AD52BB9E05300E96E51 /* ChatTable.swift */,
			);
			path = Model;
			sourceTree = "<group>";
		};
		A849C8F02B9E17D000655D1C /* Components */ = {
			isa = PBXGroup;
			children = (
				A849C8DF2B9BA52900655D1C /* ChatPreview.swift */,
				A83B45C32BA802EC004FA743 /* MessageBubble.swift */,
				A872C3882BB0B560006968C3 /* AddButtonBorderModifier.swift */,
			);
			path = Components;
			sourceTree = "<group>";
		};
		A854B0B02BB22B4F00BD2AEC /* Mocks */ = {
			isa = PBXGroup;
			children = (
				A854B0B12BB22B6F00BD2AEC /* Mock.swift */,
				A854B0B32BB22D0200BD2AEC /* MockedAuthService.swift */,
				A854B0B52BB235B100BD2AEC /* MockedDBService.swift */,
				A854B0B72BB2391300BD2AEC /* DIContainerMocked.swift */,
			);
			path = Mocks;
			sourceTree = "<group>";
		};
		A87B72672BB5F4B600B7A1EA /* ViewModels */ = {
			isa = PBXGroup;
			children = (
				A87B72682BB5F51700B7A1EA /* ProfileViewModelTests.swift */,
				A8EF71132BBDBE810008E935 /* BottomNavigationViewModelTests.swift */,
				A8EF71172BBDCDA00008E935 /* AuthViewModelTests.swift */,
			);
			path = ViewModels;
			sourceTree = "<group>";
		};
		A8C7D79D2B9E623200383676 /* Services */ = {
			isa = PBXGroup;
			children = (
				A8C7D79E2B9E628100383676 /* AuthServiceTests.swift */,
				A8C7D7A02B9EA79F00383676 /* FirestoreServiceTests.swift */,
			);
			path = Services;
			sourceTree = "<group>";
		};
		A8D45E4F2B7879D00005126C /* UI */ = {
			isa = PBXGroup;
			children = (
				A849C8F52B9E361000655D1C /* ContentView.swift */,
				A80AADEB2B71DE7F00A74DAA /* AuthView.swift */,
				A8D45E522B7880DA0005126C /* EmailLoginView.swift */,
				A8D45E542B7880E90005126C /* EmailSignupView.swift */,
				A8FA92B12BAB5768004D9F2C /* BottomNavigationView.swift */,
				A849C8E12B9BA58B00655D1C /* ProfileView.swift */,
				A8D9C0C72B78773800118CA0 /* ChatsView.swift */,
				A83B45BF2BA7FBFC004FA743 /* ChatView.swift */,
				A849C8DD2B9BA4E100655D1C /* CreateChatView.swift */,
				A849C8F02B9E17D000655D1C /* Components */,
				A854B0AC2BB1FA1600BD2AEC /* TextEditorExample.swift */,
			);
			path = UI;
			sourceTree = "<group>";
		};
		A8D9C0CB2B78792000118CA0 /* ViewModels */ = {
			isa = PBXGroup;
			children = (
				A8D9C0C92B7878FF00118CA0 /* AuthViewModel.swift */,
				A8E4FDFA2BA2157800BF9077 /* ChatsViewModel.swift */,
				A83B45C12BA7FC29004FA743 /* ChatViewModel.swift */,
				A87C74CD2BABF03200B179C4 /* ProfileViewModel.swift */,
				A841D3E92BB0DB850059F443 /* BottomNavigationViewModel.swift */,
			);
			path = ViewModels;
			sourceTree = "<group>";
		};
		A8E4D57C2B86F0CE00EA0EE7 /* Services */ = {
			isa = PBXGroup;
			children = (
				A8E4D5802B86F40C00EA0EE7 /* AuthService.swift */,
				A87579422B883D5200289437 /* DBService.swift */,
			);
			path = Services;
			sourceTree = "<group>";
		};
		A8E4D57D2B86F0E200EA0EE7 /* Utilities */ = {
			isa = PBXGroup;
			children = (
				A8E4D57E2B86F11200EA0EE7 /* Sha256.swift */,
				A849C8E82B9D189000655D1C /* ListenerManager.swift */,
				A849C8F72B9E434F00655D1C /* Helpers.swift */,
				A8E4FDF82BA171AA00BF9077 /* StringError.swift */,
				A8FA92AE2BAA8047004D9F2C /* KeyForValue.swift */,
				A854B0AE2BB2162400BD2AEC /* FontConversion.swift */,
			);
			path = Utilities;
			sourceTree = "<group>";
		};
		A8E4D5822B86F54600EA0EE7 /* Injected */ = {
			isa = PBXGroup;
			children = (
				A8E4D5832B86F62600EA0EE7 /* AppState.swift */,
				A849C8EA2B9D5DC200655D1C /* DIContainer.swift */,
			);
			path = Injected;
			sourceTree = "<group>";
		};
		A8E4D5872B871E0900EA0EE7 /* System */ = {
			isa = PBXGroup;
			children = (
				A849C8F12B9E33DF00655D1C /* AppDelegate.swift */,
				A849C8F32B9E33F600655D1C /* SceneDelegate.swift */,
				A849C8EE2B9D63DE00655D1C /* AppEnvironment.swift */,
			);
			path = System;
			sourceTree = "<group>";
		};
/* End PBXGroup section */

/* Begin PBXNativeTarget section */
		A80AADE52B71DE7F00A74DAA /* MyChat */ = {
			isa = PBXNativeTarget;
			buildConfigurationList = A80AADF42B71DE8C00A74DAA /* Build configuration list for PBXNativeTarget "MyChat" */;
			buildPhases = (
				A80AADE22B71DE7F00A74DAA /* Sources */,
				A80AADE32B71DE7F00A74DAA /* Frameworks */,
				A80AADE42B71DE7F00A74DAA /* Resources */,
			);
			buildRules = (
			);
			dependencies = (
			);
			name = MyChat;
			packageProductDependencies = (
				A8E4FDF22BA11D9900BF9077 /* FirebaseAppCheck */,
				A8E4FDF42BA11D9900BF9077 /* FirebaseAuth */,
				A8E4FDF62BA11D9900BF9077 /* FirebaseFirestore */,
			);
			productName = MyChat;
			productReference = A80AADE62B71DE7F00A74DAA /* MyChat.app */;
			productType = "com.apple.product-type.application";
		};
		A82CFB6E2B79AD9D00E4DE0D /* MyChatTests */ = {
			isa = PBXNativeTarget;
			buildConfigurationList = A82CFB772B79AD9E00E4DE0D /* Build configuration list for PBXNativeTarget "MyChatTests" */;
			buildPhases = (
				A82CFB6B2B79AD9D00E4DE0D /* Sources */,
				A82CFB6C2B79AD9D00E4DE0D /* Frameworks */,
				A82CFB6D2B79AD9D00E4DE0D /* Resources */,
			);
			buildRules = (
			);
			dependencies = (
				A82CFB742B79AD9E00E4DE0D /* PBXTargetDependency */,
			);
			name = MyChatTests;
			packageProductDependencies = (
				A83B45BB2BA6AB92004FA743 /* ViewInspector */,
			);
			productName = MyChatTests;
			productReference = A82CFB6F2B79AD9D00E4DE0D /* MyChatTests.xctest */;
			productType = "com.apple.product-type.bundle.unit-test";
		};
/* End PBXNativeTarget section */

/* Begin PBXProject section */
		A80AADDE2B71DE7E00A74DAA /* Project object */ = {
			isa = PBXProject;
			attributes = {
				BuildIndependentTargetsInParallel = 1;
				LastSwiftUpdateCheck = 1500;
				LastUpgradeCheck = 1500;
				TargetAttributes = {
					A80AADE52B71DE7F00A74DAA = {
						CreatedOnToolsVersion = 15.0;
					};
					A82CFB6E2B79AD9D00E4DE0D = {
						CreatedOnToolsVersion = 15.0;
						TestTargetID = A80AADE52B71DE7F00A74DAA;
					};
				};
			};
			buildConfigurationList = A80AADE12B71DE7E00A74DAA /* Build configuration list for PBXProject "MyChat" */;
			compatibilityVersion = "Xcode 14.0";
			developmentRegion = en;
			hasScannedForEncodings = 0;
			knownRegions = (
				en,
				Base,
			);
			mainGroup = A80AADDD2B71DE7E00A74DAA;
			packageReferences = (
				A8E4FDF12BA11D9900BF9077 /* XCRemoteSwiftPackageReference "firebase-ios-sdk" */,
				A83B45BA2BA6AB92004FA743 /* XCRemoteSwiftPackageReference "ViewInspector" */,
			);
			productRefGroup = A80AADE72B71DE7F00A74DAA /* Products */;
			projectDirPath = "";
			projectRoot = "";
			targets = (
				A80AADE52B71DE7F00A74DAA /* MyChat */,
				A82CFB6E2B79AD9D00E4DE0D /* MyChatTests */,
			);
		};
/* End PBXProject section */

/* Begin PBXResourcesBuildPhase section */
		A80AADE42B71DE7F00A74DAA /* Resources */ = {
			isa = PBXResourcesBuildPhase;
			buildActionMask = 2147483647;
			files = (
				A80AADF12B71DE8C00A74DAA /* Preview Assets.xcassets in Resources */,
				A8D9C0BD2B76BE0D00118CA0 /* GoogleService-Info.plist in Resources */,
				A80AADEE2B71DE8C00A74DAA /* Assets.xcassets in Resources */,
			);
			runOnlyForDeploymentPostprocessing = 0;
		};
		A82CFB6D2B79AD9D00E4DE0D /* Resources */ = {
			isa = PBXResourcesBuildPhase;
			buildActionMask = 2147483647;
			files = (
			);
			runOnlyForDeploymentPostprocessing = 0;
		};
/* End PBXResourcesBuildPhase section */

/* Begin PBXSourcesBuildPhase section */
		A80AADE22B71DE7F00A74DAA /* Sources */ = {
			isa = PBXSourcesBuildPhase;
			buildActionMask = 2147483647;
			files = (
				A8E4FDFB2BA2157800BF9077 /* ChatsViewModel.swift in Sources */,
				A872C3892BB0B560006968C3 /* AddButtonBorderModifier.swift in Sources */,
				A8D45E552B7880E90005126C /* EmailSignupView.swift in Sources */,
				A849C8E92B9D189100655D1C /* ListenerManager.swift in Sources */,
				A83B45C42BA802EC004FA743 /* MessageBubble.swift in Sources */,
				A849C8E22B9BA58B00655D1C /* ProfileView.swift in Sources */,
				A8D45E532B7880DA0005126C /* EmailLoginView.swift in Sources */,
				A849C8F82B9E434F00655D1C /* Helpers.swift in Sources */,
				A8FA92AF2BAA8047004D9F2C /* KeyForValue.swift in Sources */,
				A83B45C02BA7FBFC004FA743 /* ChatView.swift in Sources */,
				A83B45C22BA7FC29004FA743 /* ChatViewModel.swift in Sources */,
				A841D3EA2BB0DB850059F443 /* BottomNavigationViewModel.swift in Sources */,
				A8B98AD62BB9E05300E96E51 /* ChatTable.swift in Sources */,
				A8D9C0CA2B7878FF00118CA0 /* AuthViewModel.swift in Sources */,
				A849C8EF2B9D63DE00655D1C /* AppEnvironment.swift in Sources */,
				A87579432B883D5200289437 /* DBService.swift in Sources */,
				A849C8F42B9E33F600655D1C /* SceneDelegate.swift in Sources */,
				A849C8F22B9E33DF00655D1C /* AppDelegate.swift in Sources */,
				A849C8E02B9BA52900655D1C /* ChatPreview.swift in Sources */,
				A8E4D5842B86F62600EA0EE7 /* AppState.swift in Sources */,
				A849C8F62B9E361000655D1C /* ContentView.swift in Sources */,
				A8D9C0C82B78773800118CA0 /* ChatsView.swift in Sources */,
				A8E4D57F2B86F11200EA0EE7 /* Sha256.swift in Sources */,
				A849C8E52B9BACBF00655D1C /* Chat.swift in Sources */,
				A8FA92B22BAB5768004D9F2C /* BottomNavigationView.swift in Sources */,
				A80AADEC2B71DE7F00A74DAA /* AuthView.swift in Sources */,
				A849C8DE2B9BA4E100655D1C /* CreateChatView.swift in Sources */,
				A87C74CE2BABF03200B179C4 /* ProfileViewModel.swift in Sources */,
				A849C8E72B9BB04800655D1C /* Message.swift in Sources */,
				A854B0AF2BB2162400BD2AEC /* FontConversion.swift in Sources */,
				A8E4FDF92BA171AA00BF9077 /* StringError.swift in Sources */,
				A849C8EB2B9D5DC200655D1C /* DIContainer.swift in Sources */,
				A8E4D5812B86F40C00EA0EE7 /* AuthService.swift in Sources */,
				A854B0AD2BB1FA1600BD2AEC /* TextEditorExample.swift in Sources */,
			);
			runOnlyForDeploymentPostprocessing = 0;
		};
		A82CFB6B2B79AD9D00E4DE0D /* Sources */ = {
			isa = PBXSourcesBuildPhase;
			buildActionMask = 2147483647;
			files = (
				A8EF71182BBDCDA00008E935 /* AuthViewModelTests.swift in Sources */,
				A854B0B42BB22D0200BD2AEC /* MockedAuthService.swift in Sources */,
				A8EF71142BBDBE810008E935 /* BottomNavigationViewModelTests.swift in Sources */,
				A83B45B92BA6A9B6004FA743 /* ChatsViewTests.swift in Sources */,
				A83B45BE2BA6ACB3004FA743 /* AuthViewTests.swift in Sources */,
				A87B72692BB5F51700B7A1EA /* ProfileViewModelTests.swift in Sources */,
				A8C7D7A12B9EA79F00383676 /* FirestoreServiceTests.swift in Sources */,
				A8C7D79F2B9E628100383676 /* AuthServiceTests.swift in Sources */,
				A854B0B82BB2391300BD2AEC /* DIContainerMocked.swift in Sources */,
				A83B50862BBCB56600B9D49F /* untilEqual.swift in Sources */,
				A8EF71162BBDCC950008E935 /* BottomNavigationViewTests.swift in Sources */,
				A854B0B62BB235B100BD2AEC /* MockedDBService.swift in Sources */,
				A854B0B22BB22B6F00BD2AEC /* Mock.swift in Sources */,
			);
			runOnlyForDeploymentPostprocessing = 0;
		};
/* End PBXSourcesBuildPhase section */

/* Begin PBXTargetDependency section */
		A82CFB742B79AD9E00E4DE0D /* PBXTargetDependency */ = {
			isa = PBXTargetDependency;
			target = A80AADE52B71DE7F00A74DAA /* MyChat */;
			targetProxy = A82CFB732B79AD9E00E4DE0D /* PBXContainerItemProxy */;
		};
/* End PBXTargetDependency section */

/* Begin XCBuildConfiguration section */
		A80AADF22B71DE8C00A74DAA /* Debug */ = {
			isa = XCBuildConfiguration;
			buildSettings = {
				ALWAYS_SEARCH_USER_PATHS = NO;
				ASSETCATALOG_COMPILER_GENERATE_SWIFT_ASSET_SYMBOL_EXTENSIONS = YES;
				CLANG_ANALYZER_NONNULL = YES;
				CLANG_ANALYZER_NUMBER_OBJECT_CONVERSION = YES_AGGRESSIVE;
				CLANG_CXX_LANGUAGE_STANDARD = "gnu++20";
				CLANG_ENABLE_MODULES = YES;
				CLANG_ENABLE_OBJC_ARC = YES;
				CLANG_ENABLE_OBJC_WEAK = YES;
				CLANG_WARN_BLOCK_CAPTURE_AUTORELEASING = YES;
				CLANG_WARN_BOOL_CONVERSION = YES;
				CLANG_WARN_COMMA = YES;
				CLANG_WARN_CONSTANT_CONVERSION = YES;
				CLANG_WARN_DEPRECATED_OBJC_IMPLEMENTATIONS = YES;
				CLANG_WARN_DIRECT_OBJC_ISA_USAGE = YES_ERROR;
				CLANG_WARN_DOCUMENTATION_COMMENTS = YES;
				CLANG_WARN_EMPTY_BODY = YES;
				CLANG_WARN_ENUM_CONVERSION = YES;
				CLANG_WARN_INFINITE_RECURSION = YES;
				CLANG_WARN_INT_CONVERSION = YES;
				CLANG_WARN_NON_LITERAL_NULL_CONVERSION = YES;
				CLANG_WARN_OBJC_IMPLICIT_RETAIN_SELF = YES;
				CLANG_WARN_OBJC_LITERAL_CONVERSION = YES;
				CLANG_WARN_OBJC_ROOT_CLASS = YES_ERROR;
				CLANG_WARN_QUOTED_INCLUDE_IN_FRAMEWORK_HEADER = YES;
				CLANG_WARN_RANGE_LOOP_ANALYSIS = YES;
				CLANG_WARN_STRICT_PROTOTYPES = YES;
				CLANG_WARN_SUSPICIOUS_MOVE = YES;
				CLANG_WARN_UNGUARDED_AVAILABILITY = YES_AGGRESSIVE;
				CLANG_WARN_UNREACHABLE_CODE = YES;
				CLANG_WARN__DUPLICATE_METHOD_MATCH = YES;
				COPY_PHASE_STRIP = NO;
				DEBUG_INFORMATION_FORMAT = dwarf;
				ENABLE_STRICT_OBJC_MSGSEND = YES;
				ENABLE_TESTABILITY = YES;
				ENABLE_USER_SCRIPT_SANDBOXING = YES;
				GCC_C_LANGUAGE_STANDARD = gnu17;
				GCC_DYNAMIC_NO_PIC = NO;
				GCC_NO_COMMON_BLOCKS = YES;
				GCC_OPTIMIZATION_LEVEL = 0;
				GCC_PREPROCESSOR_DEFINITIONS = (
					"DEBUG=1",
					"$(inherited)",
				);
				GCC_WARN_64_TO_32_BIT_CONVERSION = YES;
				GCC_WARN_ABOUT_RETURN_TYPE = YES_ERROR;
				GCC_WARN_UNDECLARED_SELECTOR = YES;
				GCC_WARN_UNINITIALIZED_AUTOS = YES_AGGRESSIVE;
				GCC_WARN_UNUSED_FUNCTION = YES;
				GCC_WARN_UNUSED_VARIABLE = YES;
				IPHONEOS_DEPLOYMENT_TARGET = 17.0;
				LOCALIZATION_PREFERS_STRING_CATALOGS = YES;
				MTL_ENABLE_DEBUG_INFO = INCLUDE_SOURCE;
				MTL_FAST_MATH = YES;
				ONLY_ACTIVE_ARCH = YES;
				SDKROOT = iphoneos;
				SWIFT_ACTIVE_COMPILATION_CONDITIONS = "DEBUG $(inherited)";
				SWIFT_OPTIMIZATION_LEVEL = "-Onone";
			};
			name = Debug;
		};
		A80AADF32B71DE8C00A74DAA /* Release */ = {
			isa = XCBuildConfiguration;
			buildSettings = {
				ALWAYS_SEARCH_USER_PATHS = NO;
				ASSETCATALOG_COMPILER_GENERATE_SWIFT_ASSET_SYMBOL_EXTENSIONS = YES;
				CLANG_ANALYZER_NONNULL = YES;
				CLANG_ANALYZER_NUMBER_OBJECT_CONVERSION = YES_AGGRESSIVE;
				CLANG_CXX_LANGUAGE_STANDARD = "gnu++20";
				CLANG_ENABLE_MODULES = YES;
				CLANG_ENABLE_OBJC_ARC = YES;
				CLANG_ENABLE_OBJC_WEAK = YES;
				CLANG_WARN_BLOCK_CAPTURE_AUTORELEASING = YES;
				CLANG_WARN_BOOL_CONVERSION = YES;
				CLANG_WARN_COMMA = YES;
				CLANG_WARN_CONSTANT_CONVERSION = YES;
				CLANG_WARN_DEPRECATED_OBJC_IMPLEMENTATIONS = YES;
				CLANG_WARN_DIRECT_OBJC_ISA_USAGE = YES_ERROR;
				CLANG_WARN_DOCUMENTATION_COMMENTS = YES;
				CLANG_WARN_EMPTY_BODY = YES;
				CLANG_WARN_ENUM_CONVERSION = YES;
				CLANG_WARN_INFINITE_RECURSION = YES;
				CLANG_WARN_INT_CONVERSION = YES;
				CLANG_WARN_NON_LITERAL_NULL_CONVERSION = YES;
				CLANG_WARN_OBJC_IMPLICIT_RETAIN_SELF = YES;
				CLANG_WARN_OBJC_LITERAL_CONVERSION = YES;
				CLANG_WARN_OBJC_ROOT_CLASS = YES_ERROR;
				CLANG_WARN_QUOTED_INCLUDE_IN_FRAMEWORK_HEADER = YES;
				CLANG_WARN_RANGE_LOOP_ANALYSIS = YES;
				CLANG_WARN_STRICT_PROTOTYPES = YES;
				CLANG_WARN_SUSPICIOUS_MOVE = YES;
				CLANG_WARN_UNGUARDED_AVAILABILITY = YES_AGGRESSIVE;
				CLANG_WARN_UNREACHABLE_CODE = YES;
				CLANG_WARN__DUPLICATE_METHOD_MATCH = YES;
				COPY_PHASE_STRIP = NO;
				DEBUG_INFORMATION_FORMAT = "dwarf-with-dsym";
				ENABLE_NS_ASSERTIONS = NO;
				ENABLE_STRICT_OBJC_MSGSEND = YES;
				ENABLE_USER_SCRIPT_SANDBOXING = YES;
				GCC_C_LANGUAGE_STANDARD = gnu17;
				GCC_NO_COMMON_BLOCKS = YES;
				GCC_WARN_64_TO_32_BIT_CONVERSION = YES;
				GCC_WARN_ABOUT_RETURN_TYPE = YES_ERROR;
				GCC_WARN_UNDECLARED_SELECTOR = YES;
				GCC_WARN_UNINITIALIZED_AUTOS = YES_AGGRESSIVE;
				GCC_WARN_UNUSED_FUNCTION = YES;
				GCC_WARN_UNUSED_VARIABLE = YES;
				IPHONEOS_DEPLOYMENT_TARGET = 17.0;
				LOCALIZATION_PREFERS_STRING_CATALOGS = YES;
				MTL_ENABLE_DEBUG_INFO = NO;
				MTL_FAST_MATH = YES;
				SDKROOT = iphoneos;
				SWIFT_COMPILATION_MODE = wholemodule;
				VALIDATE_PRODUCT = YES;
			};
			name = Release;
		};
		A80AADF52B71DE8C00A74DAA /* Debug */ = {
			isa = XCBuildConfiguration;
			buildSettings = {
				ASSETCATALOG_COMPILER_APPICON_NAME = AppIcon;
				ASSETCATALOG_COMPILER_GLOBAL_ACCENT_COLOR_NAME = AccentColor;
				CODE_SIGN_ENTITLEMENTS = MyChat/MyChat.entitlements;
				CODE_SIGN_IDENTITY = "Apple Development";
				CODE_SIGN_STYLE = Automatic;
				CURRENT_PROJECT_VERSION = 1;
				DEVELOPMENT_ASSET_PATHS = "\"MyChat/Preview Content\"";
				DEVELOPMENT_TEAM = YSWM5SJ596;
				ENABLE_PREVIEWS = YES;
				GENERATE_INFOPLIST_FILE = YES;
				INFOPLIST_FILE = MyChat/Info.plist;
				INFOPLIST_KEY_UIApplicationSupportsIndirectInputEvents = YES;
				INFOPLIST_KEY_UILaunchScreen_Generation = YES;
				INFOPLIST_KEY_UISupportedInterfaceOrientations_iPad = "UIInterfaceOrientationPortrait UIInterfaceOrientationPortraitUpsideDown UIInterfaceOrientationLandscapeLeft UIInterfaceOrientationLandscapeRight";
				INFOPLIST_KEY_UISupportedInterfaceOrientations_iPhone = "UIInterfaceOrientationPortrait UIInterfaceOrientationLandscapeLeft UIInterfaceOrientationLandscapeRight";
				LD_RUNPATH_SEARCH_PATHS = (
					"$(inherited)",
					"@executable_path/Frameworks",
				);
				MARKETING_VERSION = 1.0;
				PRODUCT_BUNDLE_IDENTIFIER = com.nikivanov.MyChat;
				PRODUCT_NAME = "$(TARGET_NAME)";
				PROVISIONING_PROFILE_SPECIFIER = "";
				SWIFT_EMIT_LOC_STRINGS = YES;
				SWIFT_VERSION = 5.0;
				TARGETED_DEVICE_FAMILY = "1,2";
			};
			name = Debug;
		};
		A80AADF62B71DE8C00A74DAA /* Release */ = {
			isa = XCBuildConfiguration;
			buildSettings = {
				ASSETCATALOG_COMPILER_APPICON_NAME = AppIcon;
				ASSETCATALOG_COMPILER_GLOBAL_ACCENT_COLOR_NAME = AccentColor;
				CODE_SIGN_ENTITLEMENTS = MyChat/MyChat.entitlements;
				CODE_SIGN_IDENTITY = "Apple Development";
				CODE_SIGN_STYLE = Automatic;
				CURRENT_PROJECT_VERSION = 1;
				DEVELOPMENT_ASSET_PATHS = "\"MyChat/Preview Content\"";
				DEVELOPMENT_TEAM = YSWM5SJ596;
				ENABLE_PREVIEWS = YES;
				GENERATE_INFOPLIST_FILE = YES;
				INFOPLIST_FILE = MyChat/Info.plist;
				INFOPLIST_KEY_UIApplicationSupportsIndirectInputEvents = YES;
				INFOPLIST_KEY_UILaunchScreen_Generation = YES;
				INFOPLIST_KEY_UISupportedInterfaceOrientations_iPad = "UIInterfaceOrientationPortrait UIInterfaceOrientationPortraitUpsideDown UIInterfaceOrientationLandscapeLeft UIInterfaceOrientationLandscapeRight";
				INFOPLIST_KEY_UISupportedInterfaceOrientations_iPhone = "UIInterfaceOrientationPortrait UIInterfaceOrientationLandscapeLeft UIInterfaceOrientationLandscapeRight";
				LD_RUNPATH_SEARCH_PATHS = (
					"$(inherited)",
					"@executable_path/Frameworks",
				);
				MARKETING_VERSION = 1.0;
				PRODUCT_BUNDLE_IDENTIFIER = com.nikivanov.MyChat;
				PRODUCT_NAME = "$(TARGET_NAME)";
				PROVISIONING_PROFILE_SPECIFIER = "";
				SWIFT_EMIT_LOC_STRINGS = YES;
				SWIFT_VERSION = 5.0;
				TARGETED_DEVICE_FAMILY = "1,2";
			};
			name = Release;
		};
		A82CFB752B79AD9E00E4DE0D /* Debug */ = {
			isa = XCBuildConfiguration;
			buildSettings = {
				BUNDLE_LOADER = "$(TEST_HOST)";
				CODE_SIGN_STYLE = Automatic;
				CURRENT_PROJECT_VERSION = 1;
				DEVELOPMENT_TEAM = YSWM5SJ596;
				GENERATE_INFOPLIST_FILE = YES;
				MARKETING_VERSION = 1.0;
				PRODUCT_BUNDLE_IDENTIFIER = com.nikivanov.MyChatTests;
				PRODUCT_NAME = "$(TARGET_NAME)";
				SWIFT_EMIT_LOC_STRINGS = NO;
				SWIFT_VERSION = 5.0;
				TARGETED_DEVICE_FAMILY = "1,2";
				TEST_HOST = "$(BUILT_PRODUCTS_DIR)/MyChat.app/$(BUNDLE_EXECUTABLE_FOLDER_PATH)/MyChat";
			};
			name = Debug;
		};
		A82CFB762B79AD9E00E4DE0D /* Release */ = {
			isa = XCBuildConfiguration;
			buildSettings = {
				BUNDLE_LOADER = "$(TEST_HOST)";
				CODE_SIGN_STYLE = Automatic;
				CURRENT_PROJECT_VERSION = 1;
				DEVELOPMENT_TEAM = YSWM5SJ596;
				GENERATE_INFOPLIST_FILE = YES;
				MARKETING_VERSION = 1.0;
				PRODUCT_BUNDLE_IDENTIFIER = com.nikivanov.MyChatTests;
				PRODUCT_NAME = "$(TARGET_NAME)";
				SWIFT_EMIT_LOC_STRINGS = NO;
				SWIFT_VERSION = 5.0;
				TARGETED_DEVICE_FAMILY = "1,2";
				TEST_HOST = "$(BUILT_PRODUCTS_DIR)/MyChat.app/$(BUNDLE_EXECUTABLE_FOLDER_PATH)/MyChat";
			};
			name = Release;
		};
/* End XCBuildConfiguration section */

/* Begin XCConfigurationList section */
		A80AADE12B71DE7E00A74DAA /* Build configuration list for PBXProject "MyChat" */ = {
			isa = XCConfigurationList;
			buildConfigurations = (
				A80AADF22B71DE8C00A74DAA /* Debug */,
				A80AADF32B71DE8C00A74DAA /* Release */,
			);
			defaultConfigurationIsVisible = 0;
			defaultConfigurationName = Release;
		};
		A80AADF42B71DE8C00A74DAA /* Build configuration list for PBXNativeTarget "MyChat" */ = {
			isa = XCConfigurationList;
			buildConfigurations = (
				A80AADF52B71DE8C00A74DAA /* Debug */,
				A80AADF62B71DE8C00A74DAA /* Release */,
			);
			defaultConfigurationIsVisible = 0;
			defaultConfigurationName = Release;
		};
		A82CFB772B79AD9E00E4DE0D /* Build configuration list for PBXNativeTarget "MyChatTests" */ = {
			isa = XCConfigurationList;
			buildConfigurations = (
				A82CFB752B79AD9E00E4DE0D /* Debug */,
				A82CFB762B79AD9E00E4DE0D /* Release */,
			);
			defaultConfigurationIsVisible = 0;
			defaultConfigurationName = Release;
		};
/* End XCConfigurationList section */

/* Begin XCRemoteSwiftPackageReference section */
		A83B45BA2BA6AB92004FA743 /* XCRemoteSwiftPackageReference "ViewInspector" */ = {
			isa = XCRemoteSwiftPackageReference;
			repositoryURL = "https://github.com/nalexn/ViewInspector";
			requirement = {
				kind = upToNextMajorVersion;
				minimumVersion = 0.9.10;
			};
		};
		A8E4FDF12BA11D9900BF9077 /* XCRemoteSwiftPackageReference "firebase-ios-sdk" */ = {
			isa = XCRemoteSwiftPackageReference;
			repositoryURL = "https://github.com/firebase/firebase-ios-sdk";
			requirement = {
				kind = upToNextMajorVersion;
				minimumVersion = 10.22.1;
			};
		};
/* End XCRemoteSwiftPackageReference section */

/* Begin XCSwiftPackageProductDependency section */
		A83B45BB2BA6AB92004FA743 /* ViewInspector */ = {
			isa = XCSwiftPackageProductDependency;
			package = A83B45BA2BA6AB92004FA743 /* XCRemoteSwiftPackageReference "ViewInspector" */;
			productName = ViewInspector;
		};
		A8E4FDF22BA11D9900BF9077 /* FirebaseAppCheck */ = {
			isa = XCSwiftPackageProductDependency;
			package = A8E4FDF12BA11D9900BF9077 /* XCRemoteSwiftPackageReference "firebase-ios-sdk" */;
			productName = FirebaseAppCheck;
		};
		A8E4FDF42BA11D9900BF9077 /* FirebaseAuth */ = {
			isa = XCSwiftPackageProductDependency;
			package = A8E4FDF12BA11D9900BF9077 /* XCRemoteSwiftPackageReference "firebase-ios-sdk" */;
			productName = FirebaseAuth;
		};
		A8E4FDF62BA11D9900BF9077 /* FirebaseFirestore */ = {
			isa = XCSwiftPackageProductDependency;
			package = A8E4FDF12BA11D9900BF9077 /* XCRemoteSwiftPackageReference "firebase-ios-sdk" */;
			productName = FirebaseFirestore;
		};
/* End XCSwiftPackageProductDependency section */
	};
	rootObject = A80AADDE2B71DE7E00A74DAA /* Project object */;
}
